
Microsoft Visual Studio Solution File, Format Version 12.00
# Visual Studio Version 17
VisualStudioVersion = 17.5.002.0
MinimumVisualStudioVersion = 10.0.40219.1
Project("{9A19103F-16F7-4668-BE54-9A1E7A4F7556}") = "TodoApi", "TodoApi.csproj", "{8DB8BBF8-EA88-4A35-B02C-15EE5B290B20}"
EndProject
Global
	GlobalSection(SolutionConfigurationPlatforms) = preSolution
		Debug|Any CPU = Debug|Any CPU
		Release|Any CPU = Release|Any CPU
	EndGlobalSection
	GlobalSection(ProjectConfigurationPlatforms) = postSolution
		{8DB8BBF8-EA88-4A35-B02C-15EE5B290B20}.Debug|Any CPU.ActiveCfg = Debug|Any CPU
		{8DB8BBF8-EA88-4A35-B02C-15EE5B290B20}.Debug|Any CPU.Build.0 = Debug|Any CPU
		{8DB8BBF8-EA88-4A35-B02C-15EE5B290B20}.Release|Any CPU.ActiveCfg = Release|Any CPU
		{8DB8BBF8-EA88-4A35-B02C-15EE5B290B20}.Release|Any CPU.Build.0 = Release|Any CPU
	EndGlobalSection
	GlobalSection(SolutionProperties) = preSolution
		HideSolutionNode = FALSE
	EndGlobalSection
	GlobalSection(ExtensibilityGlobals) = postSolution
		SolutionGuid = {CB4D2891-79E9-4197-BD4A-0A0DF3ADC5B3}
	EndGlobalSection
EndGlobal
